
Microsoft Visual Studio Solution File, Format Version 12.00
# Visual Studio 15
VisualStudioVersion = 15.0.27130.2027
MinimumVisualStudioVersion = 10.0.40219.1
Project("{FAE04EC0-301F-11D3-BF4B-00C04F79EFBC}") = "MvcMovie", "MvcMovie\MvcMovie.csproj", "{D0B275B4-0FE2-4FFF-AFC0-B20709B64D82}"
EndProject
Project("{FAE04EC0-301F-11D3-BF4B-00C04F79EFBC}") = "MvcMovie.Tests", "MvcMovie.Tests\MvcMovie.Tests.csproj", "{2ADA70A9-C287-42BD-8395-B51E46A2E755}"
EndProject
Global
	GlobalSection(SolutionConfigurationPlatforms) = preSolution
		Debug|Any CPU = Debug|Any CPU
		Release|Any CPU = Release|Any CPU
	EndGlobalSection
	GlobalSection(ProjectConfigurationPlatforms) = postSolution
		{D0B275B4-0FE2-4FFF-AFC0-B20709B64D82}.Debug|Any CPU.ActiveCfg = Debug|Any CPU
		{D0B275B4-0FE2-4FFF-AFC0-B20709B64D82}.Debug|Any CPU.Build.0 = Debug|Any CPU
		{D0B275B4-0FE2-4FFF-AFC0-B20709B64D82}.Release|Any CPU.ActiveCfg = Release|Any CPU
		{D0B275B4-0FE2-4FFF-AFC0-B20709B64D82}.Release|Any CPU.Build.0 = Release|Any CPU
		{2ADA70A9-C287-42BD-8395-B51E46A2E755}.Debug|Any CPU.ActiveCfg = Debug|Any CPU
		{2ADA70A9-C287-42BD-8395-B51E46A2E755}.Debug|Any CPU.Build.0 = Debug|Any CPU
		{2ADA70A9-C287-42BD-8395-B51E46A2E755}.Release|Any CPU.ActiveCfg = Release|Any CPU
		{2ADA70A9-C287-42BD-8395-B51E46A2E755}.Release|Any CPU.Build.0 = Release|Any CPU
	EndGlobalSection
	GlobalSection(SolutionProperties) = preSolution
		HideSolutionNode = FALSE
	EndGlobalSection
	GlobalSection(ExtensibilityGlobals) = postSolution
		SolutionGuid = {C2C838E1-24B3-4EFA-BB67-92DD55E12DEE}
	EndGlobalSection
EndGlobal
